
Microsoft Visual Studio Solution File, Format Version 12.00
# Visual Studio Version 17
VisualStudioVersion = 17.14.36717.8
MinimumVisualStudioVersion = 10.0.40219.1
Project("{FAE04EC0-301F-11D3-BF4B-00C04F79EFBC}") = "FormSepeti.Web", "FormSepeti.Web\FormSepeti.Web.csproj", "{F0CD133E-1666-47E7-B33C-F76A039B107D}"
EndProject
Project("{FAE04EC0-301F-11D3-BF4B-00C04F79EFBC}") = "FormSepeti.Data", "FormSepeti.Data\FormSepeti.Data.csproj", "{9EC7D168-4B28-49E0-9BD1-01D035DBED57}"
EndProject
Project("{FAE04EC0-301F-11D3-BF4B-00C04F79EFBC}") = "FormSepeti.Services", "FormSepeti.Services\FormSepeti.Services.csproj", "{F32714FB-2CF9-4B50-82B4-E7424427CF2C}"
EndProject
Global
	GlobalSection(SolutionConfigurationPlatforms) = preSolution
		Debug|Any CPU = Debug|Any CPU
		Release|Any CPU = Release|Any CPU
	EndGlobalSection
	GlobalSection(ProjectConfigurationPlatforms) = postSolution
		{F0CD133E-1666-47E7-B33C-F76A039B107D}.Debug|Any CPU.ActiveCfg = Debug|Any CPU
		{F0CD133E-1666-47E7-B33C-F76A039B107D}.Debug|Any CPU.Build.0 = Debug|Any CPU
		{F0CD133E-1666-47E7-B33C-F76A039B107D}.Release|Any CPU.ActiveCfg = Release|Any CPU
		{F0CD133E-1666-47E7-B33C-F76A039B107D}.Release|Any CPU.Build.0 = Release|Any CPU
		{9EC7D168-4B28-49E0-9BD1-01D035DBED57}.Debug|Any CPU.ActiveCfg = Debug|Any CPU
		{9EC7D168-4B28-49E0-9BD1-01D035DBED57}.Debug|Any CPU.Build.0 = Debug|Any CPU
		{9EC7D168-4B28-49E0-9BD1-01D035DBED57}.Release|Any CPU.ActiveCfg = Release|Any CPU
		{9EC7D168-4B28-49E0-9BD1-01D035DBED57}.Release|Any CPU.Build.0 = Release|Any CPU
		{F32714FB-2CF9-4B50-82B4-E7424427CF2C}.Debug|Any CPU.ActiveCfg = Debug|Any CPU
		{F32714FB-2CF9-4B50-82B4-E7424427CF2C}.Debug|Any CPU.Build.0 = Debug|Any CPU
		{F32714FB-2CF9-4B50-82B4-E7424427CF2C}.Release|Any CPU.ActiveCfg = Release|Any CPU
		{F32714FB-2CF9-4B50-82B4-E7424427CF2C}.Release|Any CPU.Build.0 = Release|Any CPU
	EndGlobalSection
	GlobalSection(SolutionProperties) = preSolution
		HideSolutionNode = FALSE
	EndGlobalSection
	GlobalSection(ExtensibilityGlobals) = postSolution
		SolutionGuid = {19B068F9-379F-483D-A168-151991B8E53C}
	EndGlobalSection
EndGlobal
